// !$*UTF8*$!
{
	archiveVersion = 1;
	classes = {
	};
	objectVersion = 77;
	objects = {

/* Begin PBXBuildFile section */
		E98B1B412F99BC8800F7767B /* DenoiseRunner.swift in Sources */ = {isa = PBXBuildFile; fileRef = E98B1B3D2F99BC8800F7767B /* DenoiseRunner.swift */; };
		E98B1B432F99BC8800F7767B /* IroDenoiseApp.swift in Sources */ = {isa = PBXBuildFile; fileRef = E98B1B3F2F99BC8800F7767B /* IroDenoiseApp.swift */; };
		E98B1B512F99C55B00F7767B /* Denoise.mlpackage in Sources */ = {isa = PBXBuildFile; fileRef = E98B1B502F99C55B00F7767B /* Denoise.mlpackage */; };
		E98B1B552F9A20A700F7767B /* ImageIOHelper.swift in Sources */ = {isa = PBXBuildFile; fileRef = E98B1B532F99C7D500F7767B /* ImageIOHelper.swift */; };
/* End PBXBuildFile section */

/* Begin PBXContainerItemProxy section */
		E98B1B202F99BBE400F7767B /* PBXContainerItemProxy */ = {
			isa = PBXContainerItemProxy;
			containerPortal = E98B1B0A2F99BBE300F7767B /* Project object */;
			proxyType = 1;
			remoteGlobalIDString = E98B1B112F99BBE300F7767B;
			remoteInfo = IroDenoise;
		};
		E98B1B2A2F99BBE400F7767B /* PBXContainerItemProxy */ = {
			isa = PBXContainerItemProxy;
			containerPortal = E98B1B0A2F99BBE300F7767B /* Project object */;
			proxyType = 1;
			remoteGlobalIDString = E98B1B112F99BBE300F7767B;
			remoteInfo = IroDenoise;
		};
/* End PBXContainerItemProxy section */

/* Begin PBXFileReference section */
		E98B1B122F99BBE300F7767B /* IroDenoise.app */ = {isa = PBXFileReference; explicitFileType = wrapper.application; includeInIndex = 0; path = IroDenoise.app; sourceTree = BUILT_PRODUCTS_DIR; };
		E98B1B1F2F99BBE400F7767B /* IroDenoiseTests.xctest */ = {isa = PBXFileReference; explicitFileType = wrapper.cfbundle; includeInIndex = 0; path = IroDenoiseTests.xctest; sourceTree = BUILT_PRODUCTS_DIR; };
		E98B1B292F99BBE400F7767B /* IroDenoiseUITests.xctest */ = {isa = PBXFileReference; explicitFileType = wrapper.cfbundle; includeInIndex = 0; path = IroDenoiseUITests.xctest; sourceTree = BUILT_PRODUCTS_DIR; };
		E98B1B3D2F99BC8800F7767B /* DenoiseRunner.swift */ = {isa = PBXFileReference; lastKnownFileType = sourcecode.swift; path = DenoiseRunner.swift; sourceTree = "<group>"; };
		E98B1B3F2F99BC8800F7767B /* IroDenoiseApp.swift */ = {isa = PBXFileReference; lastKnownFileType = sourcecode.swift; path = IroDenoiseApp.swift; sourceTree = "<group>"; };
		E98B1B502F99C55B00F7767B /* Denoise.mlpackage */ = {isa = PBXFileReference; lastKnownFileType = folder.mlpackage; path = Denoise.mlpackage; sourceTree = "<group>"; };
		E98B1B532F99C7D500F7767B /* ImageIOHelper.swift */ = {isa = PBXFileReference; lastKnownFileType = sourcecode.swift; path = ImageIOHelper.swift; sourceTree = "<group>"; };
/* End PBXFileReference section */

/* Begin PBXFileSystemSynchronizedRootGroup section */
		E98B1B142F99BBE300F7767B /* IroDenoise */ = {
			isa = PBXFileSystemSynchronizedRootGroup;
			path = IroDenoise;
			sourceTree = "<group>";
		};
		E98B1B222F99BBE400F7767B /* IroDenoiseTests */ = {
			isa = PBXFileSystemSynchronizedRootGroup;
			path = IroDenoiseTests;
			sourceTree = "<group>";
		};
		E98B1B2C2F99BBE400F7767B /* IroDenoiseUITests */ = {
			isa = PBXFileSystemSynchronizedRootGroup;
			path = IroDenoiseUITests;
			sourceTree = "<group>";
		};
/* End PBXFileSystemSynchronizedRootGroup section */

/* Begin PBXFrameworksBuildPhase section */
		E98B1B0F2F99BBE300F7767B /* Frameworks */ = {
			isa = PBXFrameworksBuildPhase;
			buildActionMask = 2147483647;
			files = (
			);
			runOnlyForDeploymentPostprocessing = 0;
		};
		E98B1B1C2F99BBE400F7767B /* Frameworks */ = {
			isa = PBXFrameworksBuildPhase;
			buildActionMask = 2147483647;
			files = (
			);
			runOnlyForDeploymentPostprocessing = 0;
		};
		E98B1B262F99BBE400F7767B /* Frameworks */ = {
			isa = PBXFrameworksBuildPhase;
			buildActionMask = 2147483647;
			files = (
			);
			runOnlyForDeploymentPostprocessing = 0;
		};
/* End PBXFrameworksBuildPhase section */

/* Begin PBXGroup section */
		E98B1B092F99BBE300F7767B = {
			isa = PBXGroup;
			children = (
				E98B1B142F99BBE300F7767B /* IroDenoise */,
				E98B1B222F99BBE400F7767B /* IroDenoiseTests */,
				E98B1B2C2F99BBE400F7767B /* IroDenoiseUITests */,
				E98B1B132F99BBE300F7767B /* Products */,
				E98B1B3D2F99BC8800F7767B /* DenoiseRunner.swift */,
				E98B1B3F2F99BC8800F7767B /* IroDenoiseApp.swift */,
				E98B1B502F99C55B00F7767B /* Denoise.mlpackage */,
			);
			sourceTree = "<group>";
		};
		E98B1B132F99BBE300F7767B /* Products */ = {
			isa = PBXGroup;
			children = (
				E98B1B532F99C7D500F7767B /* ImageIOHelper.swift */,
				E98B1B122F99BBE300F7767B /* IroDenoise.app */,
				E98B1B1F2F99BBE400F7767B /* IroDenoiseTests.xctest */,
				E98B1B292F99BBE400F7767B /* IroDenoiseUITests.xctest */,
			);
			name = Products;
			sourceTree = "<group>";
		};
/* End PBXGroup section */

/* Begin PBXNativeTarget section */
		E98B1B112F99BBE300F7767B /* IroDenoise */ = {
			isa = PBXNativeTarget;
			buildConfigurationList = E98B1B332F99BBE400F7767B /* Build configuration list for PBXNativeTarget "IroDenoise" */;
			buildPhases = (
				E98B1B0E2F99BBE300F7767B /* Sources */,
				E98B1B0F2F99BBE300F7767B /* Frameworks */,
				E98B1B102F99BBE300F7767B /* Resources */,
			);
			buildRules = (
			);
			dependencies = (
			);
			fileSystemSynchronizedGroups = (
				E98B1B142F99BBE300F7767B /* IroDenoise */,
			);
			name = IroDenoise;
			packageProductDependencies = (
			);
			productName = IroDenoise;
			productReference = E98B1B122F99BBE300F7767B /* IroDenoise.app */;
			productType = "com.apple.product-type.application";
		};
		E98B1B1E2F99BBE400F7767B /* IroDenoiseTests */ = {
			isa = PBXNativeTarget;
			buildConfigurationList = E98B1B362F99BBE400F7767B /* Build configuration list for PBXNativeTarget "IroDenoiseTests" */;
			buildPhases = (
				E98B1B1B2F99BBE400F7767B /* Sources */,
				E98B1B1C2F99BBE400F7767B /* Frameworks */,
				E98B1B1D2F99BBE400F7767B /* Resources */,
			);
			buildRules = (
			);
			dependencies = (
				E98B1B212F99BBE400F7767B /* PBXTargetDependency */,
			);
			fileSystemSynchronizedGroups = (
				E98B1B222F99BBE400F7767B /* IroDenoiseTests */,
			);
			name = IroDenoiseTests;
			packageProductDependencies = (
			);
			productName = IroDenoiseTests;
			productReference = E98B1B1F2F99BBE400F7767B /* IroDenoiseTests.xctest */;
			productType = "com.apple.product-type.bundle.unit-test";
		};
		E98B1B282F99BBE400F7767B /* IroDenoiseUITests */ = {
			isa = PBXNativeTarget;
			buildConfigurationList = E98B1B392F99BBE400F7767B /* Build configuration list for PBXNativeTarget "IroDenoiseUITests" */;
			buildPhases = (
				E98B1B252F99BBE400F7767B /* Sources */,
				E98B1B262F99BBE400F7767B /* Frameworks */,
				E98B1B272F99BBE400F7767B /* Resources */,
			);
			buildRules = (
			);
			dependencies = (
				E98B1B2B2F99BBE400F7767B /* PBXTargetDependency */,
			);
			fileSystemSynchronizedGroups = (
				E98B1B2C2F99BBE400F7767B /* IroDenoiseUITests */,
			);
			name = IroDenoiseUITests;
			packageProductDependencies = (
			);
			productName = IroDenoiseUITests;
			productReference = E98B1B292F99BBE400F7767B /* IroDenoiseUITests.xctest */;
			productType = "com.apple.product-type.bundle.ui-testing";
		};
/* End PBXNativeTarget section */

/* Begin PBXProject section */
		E98B1B0A2F99BBE300F7767B /* Project object */ = {
			isa = PBXProject;
			attributes = {
				BuildIndependentTargetsInParallel = 1;
				LastSwiftUpdateCheck = 2640;
				LastUpgradeCheck = 2640;
				TargetAttributes = {
					E98B1B112F99BBE300F7767B = {
						CreatedOnToolsVersion = 26.4.1;
					};
					E98B1B1E2F99BBE400F7767B = {
						CreatedOnToolsVersion = 26.4.1;
						TestTargetID = E98B1B112F99BBE300F7767B;
					};
					E98B1B282F99BBE400F7767B = {
						CreatedOnToolsVersion = 26.4.1;
						TestTargetID = E98B1B112F99BBE300F7767B;
					};
				};
			};
			buildConfigurationList = E98B1B0D2F99BBE300F7767B /* Build configuration list for PBXProject "IroDenoise" */;
			developmentRegion = en;
			hasScannedForEncodings = 0;
			knownRegions = (
				en,
				Base,
			);
			mainGroup = E98B1B092F99BBE300F7767B;
			minimizedProjectReferenceProxies = 1;
			preferredProjectObjectVersion = 77;
			productRefGroup = E98B1B132F99BBE300F7767B /* Products */;
			projectDirPath = "";
			projectRoot = "";
			targets = (
				E98B1B112F99BBE300F7767B /* IroDenoise */,
				E98B1B1E2F99BBE400F7767B /* IroDenoiseTests */,
				E98B1B282F99BBE400F7767B /* IroDenoiseUITests */,
			);
		};
/* End PBXProject section */

/* Begin PBXResourcesBuildPhase section */
		E98B1B102F99BBE300F7767B /* Resources */ = {
			isa = PBXResourcesBuildPhase;
			buildActionMask = 2147483647;
			files = (
			);
			runOnlyForDeploymentPostprocessing = 0;
		};
		E98B1B1D2F99BBE400F7767B /* Resources */ = {
			isa = PBXResourcesBuildPhase;
			buildActionMask = 2147483647;
			files = (
			);
			runOnlyForDeploymentPostprocessing = 0;
		};
		E98B1B272F99BBE400F7767B /* Resources */ = {
			isa = PBXResourcesBuildPhase;
			buildActionMask = 2147483647;
			files = (
			);
			runOnlyForDeploymentPostprocessing = 0;
		};
/* End PBXResourcesBuildPhase section */

/* Begin PBXSourcesBuildPhase section */
		E98B1B0E2F99BBE300F7767B /* Sources */ = {
			isa = PBXSourcesBuildPhase;
			buildActionMask = 2147483647;
			files = (
				E98B1B552F9A20A700F7767B /* ImageIOHelper.swift in Sources */,
				E98B1B512F99C55B00F7767B /* Denoise.mlpackage in Sources */,
				E98B1B412F99BC8800F7767B /* DenoiseRunner.swift in Sources */,
				E98B1B432F99BC8800F7767B /* IroDenoiseApp.swift in Sources */,
			);
			runOnlyForDeploymentPostprocessing = 0;
		};
		E98B1B1B2F99BBE400F7767B /* Sources */ = {
			isa = PBXSourcesBuildPhase;
			buildActionMask = 2147483647;
			files = (
			);
			runOnlyForDeploymentPostprocessing = 0;
		};
		E98B1B252F99BBE400F7767B /* Sources */ = {
			isa = PBXSourcesBuildPhase;
			buildActionMask = 2147483647;
			files = (
			);
			runOnlyForDeploymentPostprocessing = 0;
		};
/* End PBXSourcesBuildPhase section */

/* Begin PBXTargetDependency section */
		E98B1B212F99BBE400F7767B /* PBXTargetDependency */ = {
			isa = PBXTargetDependency;
			target = E98B1B112F99BBE300F7767B /* IroDenoise */;
			targetProxy = E98B1B202F99BBE400F7767B /* PBXContainerItemProxy */;
		};
		E98B1B2B2F99BBE400F7767B /* PBXTargetDependency */ = {
			isa = PBXTargetDependency;
			target = E98B1B112F99BBE300F7767B /* IroDenoise */;
			targetProxy = E98B1B2A2F99BBE400F7767B /* PBXContainerItemProxy */;
		};
/* End PBXTargetDependency section */

/* Begin XCBuildConfiguration section */
		E98B1B312F99BBE400F7767B /* Debug */ = {
			isa = XCBuildConfiguration;
			buildSettings = {
				ALWAYS_SEARCH_USER_PATHS = NO;
				ASSETCATALOG_COMPILER_GENERATE_SWIFT_ASSET_SYMBOL_EXTENSIONS = YES;
				CLANG_ANALYZER_NONNULL = YES;
				CLANG_ANALYZER_NUMBER_OBJECT_CONVERSION = YES_AGGRESSIVE;
				CLANG_CXX_LANGUAGE_STANDARD = "gnu++20";
				CLANG_ENABLE_MODULES = YES;
				CLANG_ENABLE_OBJC_ARC = YES;
				CLANG_ENABLE_OBJC_WEAK = YES;
				CLANG_WARN_BLOCK_CAPTURE_AUTORELEASING = YES;
				CLANG_WARN_BOOL_CONVERSION = YES;
				CLANG_WARN_COMMA = YES;
				CLANG_WARN_CONSTANT_CONVERSION = YES;
				CLANG_WARN_DEPRECATED_OBJC_IMPLEMENTATIONS = YES;
				CLANG_WARN_DIRECT_OBJC_ISA_USAGE = YES_ERROR;
				CLANG_WARN_DOCUMENTATION_COMMENTS = YES;
				CLANG_WARN_EMPTY_BODY = YES;
				CLANG_WARN_ENUM_CONVERSION = YES;
				CLANG_WARN_INFINITE_RECURSION = YES;
				CLANG_WARN_INT_CONVERSION = YES;
				CLANG_WARN_NON_LITERAL_NULL_CONVERSION = YES;
				CLANG_WARN_OBJC_IMPLICIT_RETAIN_SELF = YES;
				CLANG_WARN_OBJC_LITERAL_CONVERSION = YES;
				CLANG_WARN_OBJC_ROOT_CLASS = YES_ERROR;
				CLANG_WARN_QUOTED_INCLUDE_IN_FRAMEWORK_HEADER = YES;
				CLANG_WARN_RANGE_LOOP_ANALYSIS = YES;
				CLANG_WARN_STRICT_PROTOTYPES = YES;
				CLANG_WARN_SUSPICIOUS_MOVE = YES;
				CLANG_WARN_UNGUARDED_AVAILABILITY = YES_AGGRESSIVE;
				CLANG_WARN_UNREACHABLE_CODE = YES;
				CLANG_WARN__DUPLICATE_METHOD_MATCH = YES;
				COPY_PHASE_STRIP = NO;
				DEBUG_INFORMATION_FORMAT = dwarf;
				ENABLE_STRICT_OBJC_MSGSEND = YES;
				ENABLE_TESTABILITY = YES;
				ENABLE_USER_SCRIPT_SANDBOXING = YES;
				GCC_C_LANGUAGE_STANDARD = gnu17;
				GCC_DYNAMIC_NO_PIC = NO;
				GCC_NO_COMMON_BLOCKS = YES;
				GCC_OPTIMIZATION_LEVEL = 0;
				GCC_PREPROCESSOR_DEFINITIONS = (
					"DEBUG=1",
					"$(inherited)",
				);
				GCC_WARN_64_TO_32_BIT_CONVERSION = YES;
				GCC_WARN_ABOUT_RETURN_TYPE = YES_ERROR;
				GCC_WARN_UNDECLARED_SELECTOR = YES;
				GCC_WARN_UNINITIALIZED_AUTOS = YES_AGGRESSIVE;
				GCC_WARN_UNUSED_FUNCTION = YES;
				GCC_WARN_UNUSED_VARIABLE = YES;
				LOCALIZATION_PREFERS_STRING_CATALOGS = YES;
				MTL_ENABLE_DEBUG_INFO = INCLUDE_SOURCE;
				MTL_FAST_MATH = YES;
				ONLY_ACTIVE_ARCH = YES;
				SWIFT_ACTIVE_COMPILATION_CONDITIONS = "DEBUG $(inherited)";
				SWIFT_OPTIMIZATION_LEVEL = "-Onone";
			};
			name = Debug;
		};
		E98B1B322F99BBE400F7767B /* Release */ = {
			isa = XCBuildConfiguration;
			buildSettings = {
				ALWAYS_SEARCH_USER_PATHS = NO;
				ASSETCATALOG_COMPILER_GENERATE_SWIFT_ASSET_SYMBOL_EXTENSIONS = YES;
				CLANG_ANALYZER_NONNULL = YES;
				CLANG_ANALYZER_NUMBER_OBJECT_CONVERSION = YES_AGGRESSIVE;
				CLANG_CXX_LANGUAGE_STANDARD = "gnu++20";
				CLANG_ENABLE_MODULES = YES;
				CLANG_ENABLE_OBJC_ARC = YES;
				CLANG_ENABLE_OBJC_WEAK = YES;
				CLANG_WARN_BLOCK_CAPTURE_AUTORELEASING = YES;
				CLANG_WARN_BOOL_CONVERSION = YES;
				CLANG_WARN_COMMA = YES;
				CLANG_WARN_CONSTANT_CONVERSION = YES;
				CLANG_WARN_DEPRECATED_OBJC_IMPLEMENTATIONS = YES;
				CLANG_WARN_DIRECT_OBJC_ISA_USAGE = YES_ERROR;
				CLANG_WARN_DOCUMENTATION_COMMENTS = YES;
				CLANG_WARN_EMPTY_BODY = YES;
				CLANG_WARN_ENUM_CONVERSION = YES;
				CLANG_WARN_INFINITE_RECURSION = YES;
				CLANG_WARN_INT_CONVERSION = YES;
				CLANG_WARN_NON_LITERAL_NULL_CONVERSION = YES;
				CLANG_WARN_OBJC_IMPLICIT_RETAIN_SELF = YES;
				CLANG_WARN_OBJC_LITERAL_CONVERSION = YES;
				CLANG_WARN_OBJC_ROOT_CLASS = YES_ERROR;
				CLANG_WARN_QUOTED_INCLUDE_IN_FRAMEWORK_HEADER = YES;
				CLANG_WARN_RANGE_LOOP_ANALYSIS = YES;
				CLANG_WARN_STRICT_PROTOTYPES = YES;
				CLANG_WARN_SUSPICIOUS_MOVE = YES;
				CLANG_WARN_UNGUARDED_AVAILABILITY = YES_AGGRESSIVE;
				CLANG_WARN_UNREACHABLE_CODE = YES;
				CLANG_WARN__DUPLICATE_METHOD_MATCH = YES;
				COPY_PHASE_STRIP = NO;
				DEBUG_INFORMATION_FORMAT = "dwarf-with-dsym";
				ENABLE_NS_ASSERTIONS = NO;
				ENABLE_STRICT_OBJC_MSGSEND = YES;
				ENABLE_USER_SCRIPT_SANDBOXING = YES;
				GCC_C_LANGUAGE_STANDARD = gnu17;
				GCC_NO_COMMON_BLOCKS = YES;
				GCC_WARN_64_TO_32_BIT_CONVERSION = YES;
				GCC_WARN_ABOUT_RETURN_TYPE = YES_ERROR;
				GCC_WARN_UNDECLARED_SELECTOR = YES;
				GCC_WARN_UNINITIALIZED_AUTOS = YES_AGGRESSIVE;
				GCC_WARN_UNUSED_FUNCTION = YES;
				GCC_WARN_UNUSED_VARIABLE = YES;
				LOCALIZATION_PREFERS_STRING_CATALOGS = YES;
				MTL_ENABLE_DEBUG_INFO = NO;
				MTL_FAST_MATH = YES;
				SWIFT_COMPILATION_MODE = wholemodule;
			};
			name = Release;
		};
		E98B1B342F99BBE400F7767B /* Debug */ = {
			isa = XCBuildConfiguration;
			buildSettings = {
				ASSETCATALOG_COMPILER_APPICON_NAME = AppIcon;
				ASSETCATALOG_COMPILER_GLOBAL_ACCENT_COLOR_NAME = AccentColor;
				CODE_SIGN_STYLE = Automatic;
				CURRENT_PROJECT_VERSION = 2;
				ENABLE_APP_SANDBOX = NO;
				ENABLE_PREVIEWS = YES;
				GENERATE_INFOPLIST_FILE = YES;
				INFOPLIST_KEY_CFBundleDisplayName = "Iro Denoise AI";
				"INFOPLIST_KEY_UIApplicationSceneManifest_Generation[sdk=iphoneos*]" = YES;
				"INFOPLIST_KEY_UIApplicationSceneManifest_Generation[sdk=iphonesimulator*]" = YES;
				"INFOPLIST_KEY_UIApplicationSupportsIndirectInputEvents[sdk=iphoneos*]" = YES;
				"INFOPLIST_KEY_UIApplicationSupportsIndirectInputEvents[sdk=iphonesimulator*]" = YES;
				"INFOPLIST_KEY_UILaunchScreen_Generation[sdk=iphoneos*]" = YES;
				"INFOPLIST_KEY_UILaunchScreen_Generation[sdk=iphonesimulator*]" = YES;
				"INFOPLIST_KEY_UIStatusBarStyle[sdk=iphoneos*]" = UIStatusBarStyleDefault;
				"INFOPLIST_KEY_UIStatusBarStyle[sdk=iphonesimulator*]" = UIStatusBarStyleDefault;
				INFOPLIST_KEY_UISupportedInterfaceOrientations_iPad = "UIInterfaceOrientationPortrait UIInterfaceOrientationPortraitUpsideDown UIInterfaceOrientationLandscapeLeft UIInterfaceOrientationLandscapeRight";
				INFOPLIST_KEY_UISupportedInterfaceOrientations_iPhone = "UIInterfaceOrientationPortrait UIInterfaceOrientationLandscapeLeft UIInterfaceOrientationLandscapeRight";
				IPHONEOS_DEPLOYMENT_TARGET = 26.4;
				LD_RUNPATH_SEARCH_PATHS = "@executable_path/Frameworks";
				"LD_RUNPATH_SEARCH_PATHS[sdk=macosx*]" = "@executable_path/../Frameworks";
				MACOSX_DEPLOYMENT_TARGET = 26.4;
				MARKETING_VERSION = 1.1.0;
				PRODUCT_BUNDLE_IDENTIFIER = com.ojimaru.IroDenoise;
				PRODUCT_NAME = "$(TARGET_NAME)";
				REGISTER_APP_GROUPS = YES;
				SDKROOT = auto;
				STRING_CATALOG_GENERATE_SYMBOLS = YES;
				SUPPORTED_PLATFORMS = "iphoneos iphonesimulator macosx xros xrsimulator";
				SWIFT_APPROACHABLE_CONCURRENCY = YES;
				SWIFT_DEFAULT_ACTOR_ISOLATION = MainActor;
				SWIFT_EMIT_LOC_STRINGS = YES;
				SWIFT_UPCOMING_FEATURE_MEMBER_IMPORT_VISIBILITY = YES;
				SWIFT_VERSION = 5.0;
				TARGETED_DEVICE_FAMILY = "1,2,7";
				XROS_DEPLOYMENT_TARGET = 26.4;
			};
			name = Debug;
		};
		E98B1B352F99BBE400F7767B /* Release */ = {
			isa = XCBuildConfiguration;
			buildSettings = {
				ASSETCATALOG_COMPILER_APPICON_NAME = AppIcon;
				ASSETCATALOG_COMPILER_GLOBAL_ACCENT_COLOR_NAME = AccentColor;
				CODE_SIGN_STYLE = Automatic;
				CURRENT_PROJECT_VERSION = 2;
				ENABLE_APP_SANDBOX = NO;
				ENABLE_PREVIEWS = YES;
				GENERATE_INFOPLIST_FILE = YES;
				INFOPLIST_KEY_CFBundleDisplayName = "Iro Denoise AI";
				"INFOPLIST_KEY_UIApplicationSceneManifest_Generation[sdk=iphoneos*]" = YES;
				"INFOPLIST_KEY_UIApplicationSceneManifest_Generation[sdk=iphonesimulator*]" = YES;
				"INFOPLIST_KEY_UIApplicationSupportsIndirectInputEvents[sdk=iphoneos*]" = YES;
				"INFOPLIST_KEY_UIApplicationSupportsIndirectInputEvents[sdk=iphonesimulator*]" = YES;
				"INFOPLIST_KEY_UILaunchScreen_Generation[sdk=iphoneos*]" = YES;
				"INFOPLIST_KEY_UILaunchScreen_Generation[sdk=iphonesimulator*]" = YES;
				"INFOPLIST_KEY_UIStatusBarStyle[sdk=iphoneos*]" = UIStatusBarStyleDefault;
				"INFOPLIST_KEY_UIStatusBarStyle[sdk=iphonesimulator*]" = UIStatusBarStyleDefault;
				INFOPLIST_KEY_UISupportedInterfaceOrientations_iPad = "UIInterfaceOrientationPortrait UIInterfaceOrientationPortraitUpsideDown UIInterfaceOrientationLandscapeLeft UIInterfaceOrientationLandscapeRight";
				INFOPLIST_KEY_UISupportedInterfaceOrientations_iPhone = "UIInterfaceOrientationPortrait UIInterfaceOrientationLandscapeLeft UIInterfaceOrientationLandscapeRight";
				IPHONEOS_DEPLOYMENT_TARGET = 26.4;
				LD_RUNPATH_SEARCH_PATHS = "@executable_path/Frameworks";
				"LD_RUNPATH_SEARCH_PATHS[sdk=macosx*]" = "@executable_path/../Frameworks";
				MACOSX_DEPLOYMENT_TARGET = 26.4;
				MARKETING_VERSION = 1.1.0;
				PRODUCT_BUNDLE_IDENTIFIER = com.ojimaru.IroDenoise;
				PRODUCT_NAME = "$(TARGET_NAME)";
				REGISTER_APP_GROUPS = YES;
				SDKROOT = auto;
				STRING_CATALOG_GENERATE_SYMBOLS = YES;
				SUPPORTED_PLATFORMS = "iphoneos iphonesimulator macosx xros xrsimulator";
				SWIFT_APPROACHABLE_CONCURRENCY = YES;
				SWIFT_DEFAULT_ACTOR_ISOLATION = MainActor;
				SWIFT_EMIT_LOC_STRINGS = YES;
				SWIFT_UPCOMING_FEATURE_MEMBER_IMPORT_VISIBILITY = YES;
				SWIFT_VERSION = 5.0;
				TARGETED_DEVICE_FAMILY = "1,2,7";
				XROS_DEPLOYMENT_TARGET = 26.4;
			};
			name = Release;
		};
		E98B1B372F99BBE400F7767B /* Debug */ = {
			isa = XCBuildConfiguration;
			buildSettings = {
				BUNDLE_LOADER = "$(TEST_HOST)";
				CODE_SIGN_STYLE = Automatic;
				CURRENT_PROJECT_VERSION = 1;
				GENERATE_INFOPLIST_FILE = YES;
				IPHONEOS_DEPLOYMENT_TARGET = 26.4;
				MACOSX_DEPLOYMENT_TARGET = 26.4;
				MARKETING_VERSION = 1.0;
				PRODUCT_BUNDLE_IDENTIFIER = com.ojimaru.IroDenoiseTests;
				PRODUCT_NAME = "$(TARGET_NAME)";
				SDKROOT = auto;
				STRING_CATALOG_GENERATE_SYMBOLS = NO;
				SUPPORTED_PLATFORMS = "iphoneos iphonesimulator macosx xros xrsimulator";
				SWIFT_APPROACHABLE_CONCURRENCY = YES;
				SWIFT_EMIT_LOC_STRINGS = NO;
				SWIFT_UPCOMING_FEATURE_MEMBER_IMPORT_VISIBILITY = YES;
				SWIFT_VERSION = 5.0;
				TARGETED_DEVICE_FAMILY = "1,2,7";
				TEST_HOST = "$(BUILT_PRODUCTS_DIR)/IroDenoise.app/$(BUNDLE_EXECUTABLE_FOLDER_PATH)/IroDenoise";
				XROS_DEPLOYMENT_TARGET = 26.4;
			};
			name = Debug;
		};
		E98B1B382F99BBE400F7767B /* Release */ = {
			isa = XCBuildConfiguration;
			buildSettings = {
				BUNDLE_LOADER = "$(TEST_HOST)";
				CODE_SIGN_STYLE = Automatic;
				CURRENT_PROJECT_VERSION = 1;
				GENERATE_INFOPLIST_FILE = YES;
				IPHONEOS_DEPLOYMENT_TARGET = 26.4;
				MACOSX_DEPLOYMENT_TARGET = 26.4;
				MARKETING_VERSION = 1.0;
				PRODUCT_BUNDLE_IDENTIFIER = com.ojimaru.IroDenoiseTests;
				PRODUCT_NAME = "$(TARGET_NAME)";
				SDKROOT = auto;
				STRING_CATALOG_GENERATE_SYMBOLS = NO;
				SUPPORTED_PLATFORMS = "iphoneos iphonesimulator macosx xros xrsimulator";
				SWIFT_APPROACHABLE_CONCURRENCY = YES;
				SWIFT_EMIT_LOC_STRINGS = NO;
				SWIFT_UPCOMING_FEATURE_MEMBER_IMPORT_VISIBILITY = YES;
				SWIFT_VERSION = 5.0;
				TARGETED_DEVICE_FAMILY = "1,2,7";
				TEST_HOST = "$(BUILT_PRODUCTS_DIR)/IroDenoise.app/$(BUNDLE_EXECUTABLE_FOLDER_PATH)/IroDenoise";
				XROS_DEPLOYMENT_TARGET = 26.4;
			};
			name = Release;
		};
		E98B1B3A2F99BBE400F7767B /* Debug */ = {
			isa = XCBuildConfiguration;
			buildSettings = {
				CODE_SIGN_STYLE = Automatic;
				CURRENT_PROJECT_VERSION = 1;
				GENERATE_INFOPLIST_FILE = YES;
				IPHONEOS_DEPLOYMENT_TARGET = 26.4;
				MACOSX_DEPLOYMENT_TARGET = 26.4;
				MARKETING_VERSION = 1.0;
				PRODUCT_BUNDLE_IDENTIFIER = com.ojimaru.IroDenoiseUITests;
				PRODUCT_NAME = "$(TARGET_NAME)";
				SDKROOT = auto;
				STRING_CATALOG_GENERATE_SYMBOLS = NO;
				SUPPORTED_PLATFORMS = "iphoneos iphonesimulator macosx xros xrsimulator";
				SWIFT_APPROACHABLE_CONCURRENCY = YES;
				SWIFT_EMIT_LOC_STRINGS = NO;
				SWIFT_UPCOMING_FEATURE_MEMBER_IMPORT_VISIBILITY = YES;
				SWIFT_VERSION = 5.0;
				TARGETED_DEVICE_FAMILY = "1,2,7";
				TEST_TARGET_NAME = IroDenoise;
				XROS_DEPLOYMENT_TARGET = 26.4;
			};
			name = Debug;
		};
		E98B1B3B2F99BBE400F7767B /* Release */ = {
			isa = XCBuildConfiguration;
			buildSettings = {
				CODE_SIGN_STYLE = Automatic;
				CURRENT_PROJECT_VERSION = 1;
				GENERATE_INFOPLIST_FILE = YES;
				IPHONEOS_DEPLOYMENT_TARGET = 26.4;
				MACOSX_DEPLOYMENT_TARGET = 26.4;
				MARKETING_VERSION = 1.0;
				PRODUCT_BUNDLE_IDENTIFIER = com.ojimaru.IroDenoiseUITests;
				PRODUCT_NAME = "$(TARGET_NAME)";
				SDKROOT = auto;
				STRING_CATALOG_GENERATE_SYMBOLS = NO;
				SUPPORTED_PLATFORMS = "iphoneos iphonesimulator macosx xros xrsimulator";
				SWIFT_APPROACHABLE_CONCURRENCY = YES;
				SWIFT_EMIT_LOC_STRINGS = NO;
				SWIFT_UPCOMING_FEATURE_MEMBER_IMPORT_VISIBILITY = YES;
				SWIFT_VERSION = 5.0;
				TARGETED_DEVICE_FAMILY = "1,2,7";
				TEST_TARGET_NAME = IroDenoise;
				XROS_DEPLOYMENT_TARGET = 26.4;
			};
			name = Release;
		};
/* End XCBuildConfiguration section */

/* Begin XCConfigurationList section */
		E98B1B0D2F99BBE300F7767B /* Build configuration list for PBXProject "IroDenoise" */ = {
			isa = XCConfigurationList;
			buildConfigurations = (
				E98B1B312F99BBE400F7767B /* Debug */,
				E98B1B322F99BBE400F7767B /* Release */,
			);
			defaultConfigurationIsVisible = 0;
			defaultConfigurationName = Release;
		};
		E98B1B332F99BBE400F7767B /* Build configuration list for PBXNativeTarget "IroDenoise" */ = {
			isa = XCConfigurationList;
			buildConfigurations = (
				E98B1B342F99BBE400F7767B /* Debug */,
				E98B1B352F99BBE400F7767B /* Release */,
			);
			defaultConfigurationIsVisible = 0;
			defaultConfigurationName = Release;
		};
		E98B1B362F99BBE400F7767B /* Build configuration list for PBXNativeTarget "IroDenoiseTests" */ = {
			isa = XCConfigurationList;
			buildConfigurations = (
				E98B1B372F99BBE400F7767B /* Debug */,
				E98B1B382F99BBE400F7767B /* Release */,
			);
			defaultConfigurationIsVisible = 0;
			defaultConfigurationName = Release;
		};
		E98B1B392F99BBE400F7767B /* Build configuration list for PBXNativeTarget "IroDenoiseUITests" */ = {
			isa = XCConfigurationList;
			buildConfigurations = (
				E98B1B3A2F99BBE400F7767B /* Debug */,
				E98B1B3B2F99BBE400F7767B /* Release */,
			);
			defaultConfigurationIsVisible = 0;
			defaultConfigurationName = Release;
		};
/* End XCConfigurationList section */
	};
	rootObject = E98B1B0A2F99BBE300F7767B /* Project object */;
}
